
Microsoft Visual Studio Solution File, Format Version 12.00
# Visual Studio Version 17
VisualStudioVersion = 17.14.37027.9 d17.14
MinimumVisualStudioVersion = 10.0.40219.1
Project("{8BC9CEB8-8B4A-11D0-8D11-00A0C91BC942}") = "과제week3", "과제week3.vcxproj", "{9C878A7D-AFB4-4B33-9457-28F5654BC3F6}"
EndProject
Global
	GlobalSection(SolutionConfigurationPlatforms) = preSolution
		Debug|x64 = Debug|x64
		Debug|x86 = Debug|x86
		Release|x64 = Release|x64
		Release|x86 = Release|x86
	EndGlobalSection
	GlobalSection(ProjectConfigurationPlatforms) = postSolution
		{9C878A7D-AFB4-4B33-9457-28F5654BC3F6}.Debug|x64.ActiveCfg = Debug|x64
		{9C878A7D-AFB4-4B33-9457-28F5654BC3F6}.Debug|x64.Build.0 = Debug|x64
		{9C878A7D-AFB4-4B33-9457-28F5654BC3F6}.Debug|x86.ActiveCfg = Debug|Win32
		{9C878A7D-AFB4-4B33-9457-28F5654BC3F6}.Debug|x86.Build.0 = Debug|Win32
		{9C878A7D-AFB4-4B33-9457-28F5654BC3F6}.Release|x64.ActiveCfg = Release|x64
		{9C878A7D-AFB4-4B33-9457-28F5654BC3F6}.Release|x64.Build.0 = Release|x64
		{9C878A7D-AFB4-4B33-9457-28F5654BC3F6}.Release|x86.ActiveCfg = Release|Win32
		{9C878A7D-AFB4-4B33-9457-28F5654BC3F6}.Release|x86.Build.0 = Release|Win32
	EndGlobalSection
	GlobalSection(SolutionProperties) = preSolution
		HideSolutionNode = FALSE
	EndGlobalSection
	GlobalSection(ExtensibilityGlobals) = postSolution
		SolutionGuid = {2E94B4A5-B670-4A27-AE78-11C1A5012831}
	EndGlobalSection
EndGlobal
